
Microsoft Visual Studio Solution File, Format Version 12.00
# Visual Studio 15
Project("{FAE04EC0-301F-11D3-BF4B-00C04F79EFBC}") = "Assembly-CSharp", "Assembly-CSharp.csproj", "{1B21AB87-7AF2-EDDE-B3EC-A24D4847C588}"
EndProject
Project("{FAE04EC0-301F-11D3-BF4B-00C04F79EFBC}") = "Assembly-CSharp-Editor", "Assembly-CSharp-Editor.csproj", "{564FE3AF-E5E6-62A1-A669-140C408CC91D}"
EndProject
Global
	GlobalSection(SolutionConfigurationPlatforms) = preSolution
		Debug|Any CPU = Debug|Any CPU
		Release|Any CPU = Release|Any CPU
	EndGlobalSection
	GlobalSection(ProjectConfigurationPlatforms) = postSolution
		{1B21AB87-7AF2-EDDE-B3EC-A24D4847C588}.Debug|Any CPU.ActiveCfg = Debug|Any CPU
		{1B21AB87-7AF2-EDDE-B3EC-A24D4847C588}.Debug|Any CPU.Build.0 = Debug|Any CPU
		{1B21AB87-7AF2-EDDE-B3EC-A24D4847C588}.Release|Any CPU.ActiveCfg = Release|Any CPU
		{1B21AB87-7AF2-EDDE-B3EC-A24D4847C588}.Release|Any CPU.Build.0 = Release|Any CPU
		{564FE3AF-E5E6-62A1-A669-140C408CC91D}.Debug|Any CPU.ActiveCfg = Debug|Any CPU
		{564FE3AF-E5E6-62A1-A669-140C408CC91D}.Debug|Any CPU.Build.0 = Debug|Any CPU
		{564FE3AF-E5E6-62A1-A669-140C408CC91D}.Release|Any CPU.ActiveCfg = Release|Any CPU
		{564FE3AF-E5E6-62A1-A669-140C408CC91D}.Release|Any CPU.Build.0 = Release|Any CPU
	EndGlobalSection
	GlobalSection(SolutionProperties) = preSolution
		HideSolutionNode = FALSE
	EndGlobalSection
EndGlobal
